
Microsoft Visual Studio Solution File, Format Version 11.00
# Visual Studio 2010
Project("{FAE04EC0-301F-11D3-BF4B-00C04F79EFBC}") = "StudiesPlans", "StudiesPlans\StudiesPlans.csproj", "{3F1AE859-41EC-40FD-BDBB-6670D89F9633}"
EndProject
Project("{FAE04EC0-301F-11D3-BF4B-00C04F79EFBC}") = "StudiesPlansWeb", "StudiesPlansWeb\StudiesPlansWeb.csproj", "{D5EC5CC0-B9F1-4A1E-BA03-67E5592F04F8}"
EndProject
Project("{FAE04EC0-301F-11D3-BF4B-00C04F79EFBC}") = "StudiesPlansModels", "StudiesPlansModels\StudiesPlansModels.csproj", "{53ED3666-8A44-4273-BBB7-0082ADC3BA1B}"
EndProject
Global
	GlobalSection(SolutionConfigurationPlatforms) = preSolution
		Debug|Any CPU = Debug|Any CPU
		Debug|Mixed Platforms = Debug|Mixed Platforms
		Debug|x86 = Debug|x86
		Release|Any CPU = Release|Any CPU
		Release|Mixed Platforms = Release|Mixed Platforms
		Release|x86 = Release|x86
	EndGlobalSection
	GlobalSection(ProjectConfigurationPlatforms) = postSolution
		{3F1AE859-41EC-40FD-BDBB-6670D89F9633}.Debug|Any CPU.ActiveCfg = Debug|x86
		{3F1AE859-41EC-40FD-BDBB-6670D89F9633}.Debug|Mixed Platforms.ActiveCfg = Debug|x86
		{3F1AE859-41EC-40FD-BDBB-6670D89F9633}.Debug|Mixed Platforms.Build.0 = Debug|x86
		{3F1AE859-41EC-40FD-BDBB-6670D89F9633}.Debug|x86.ActiveCfg = Debug|x86
		{3F1AE859-41EC-40FD-BDBB-6670D89F9633}.Debug|x86.Build.0 = Debug|x86
		{3F1AE859-41EC-40FD-BDBB-6670D89F9633}.Release|Any CPU.ActiveCfg = Release|x86
		{3F1AE859-41EC-40FD-BDBB-6670D89F9633}.Release|Mixed Platforms.ActiveCfg = Release|x86
		{3F1AE859-41EC-40FD-BDBB-6670D89F9633}.Release|Mixed Platforms.Build.0 = Release|x86
		{3F1AE859-41EC-40FD-BDBB-6670D89F9633}.Release|x86.ActiveCfg = Release|x86
		{3F1AE859-41EC-40FD-BDBB-6670D89F9633}.Release|x86.Build.0 = Release|x86
		{D5EC5CC0-B9F1-4A1E-BA03-67E5592F04F8}.Debug|Any CPU.ActiveCfg = Debug|Any CPU
		{D5EC5CC0-B9F1-4A1E-BA03-67E5592F04F8}.Debug|Any CPU.Build.0 = Debug|Any CPU
		{D5EC5CC0-B9F1-4A1E-BA03-67E5592F04F8}.Debug|Mixed Platforms.ActiveCfg = Debug|Any CPU
		{D5EC5CC0-B9F1-4A1E-BA03-67E5592F04F8}.Debug|Mixed Platforms.Build.0 = Debug|Any CPU
		{D5EC5CC0-B9F1-4A1E-BA03-67E5592F04F8}.Debug|x86.ActiveCfg = Debug|Any CPU
		{D5EC5CC0-B9F1-4A1E-BA03-67E5592F04F8}.Release|Any CPU.ActiveCfg = Release|Any CPU
		{D5EC5CC0-B9F1-4A1E-BA03-67E5592F04F8}.Release|Any CPU.Build.0 = Release|Any CPU
		{D5EC5CC0-B9F1-4A1E-BA03-67E5592F04F8}.Release|Mixed Platforms.ActiveCfg = Release|Any CPU
		{D5EC5CC0-B9F1-4A1E-BA03-67E5592F04F8}.Release|Mixed Platforms.Build.0 = Release|Any CPU
		{D5EC5CC0-B9F1-4A1E-BA03-67E5592F04F8}.Release|x86.ActiveCfg = Release|Any CPU
		{53ED3666-8A44-4273-BBB7-0082ADC3BA1B}.Debug|Any CPU.ActiveCfg = Debug|Any CPU
		{53ED3666-8A44-4273-BBB7-0082ADC3BA1B}.Debug|Any CPU.Build.0 = Debug|Any CPU
		{53ED3666-8A44-4273-BBB7-0082ADC3BA1B}.Debug|Mixed Platforms.ActiveCfg = Debug|Any CPU
		{53ED3666-8A44-4273-BBB7-0082ADC3BA1B}.Debug|Mixed Platforms.Build.0 = Debug|Any CPU
		{53ED3666-8A44-4273-BBB7-0082ADC3BA1B}.Debug|x86.ActiveCfg = Debug|Any CPU
		{53ED3666-8A44-4273-BBB7-0082ADC3BA1B}.Release|Any CPU.ActiveCfg = Release|Any CPU
		{53ED3666-8A44-4273-BBB7-0082ADC3BA1B}.Release|Any CPU.Build.0 = Release|Any CPU
		{53ED3666-8A44-4273-BBB7-0082ADC3BA1B}.Release|Mixed Platforms.ActiveCfg = Release|Any CPU
		{53ED3666-8A44-4273-BBB7-0082ADC3BA1B}.Release|Mixed Platforms.Build.0 = Release|Any CPU
		{53ED3666-8A44-4273-BBB7-0082ADC3BA1B}.Release|x86.ActiveCfg = Release|Any CPU
	EndGlobalSection
	GlobalSection(SolutionProperties) = preSolution
		HideSolutionNode = FALSE
	EndGlobalSection
EndGlobal
